// !$*UTF8*$!
{
	archiveVersion = 1;
	classes = {
	};
	objectVersion = 46;
	objects = {

/* Begin PBXBuildFile section */
		9F2410501C9B62AA00FAD347 /* AppDelegate.swift in Sources */ = {isa = PBXBuildFile; fileRef = 9F24104F1C9B62AA00FAD347 /* AppDelegate.swift */; };
		9F2410521C9B62AA00FAD347 /* ViewController.swift in Sources */ = {isa = PBXBuildFile; fileRef = 9F2410511C9B62AA00FAD347 /* ViewController.swift */; };
		9F2410551C9B62AA00FAD347 /* Main.storyboard in Resources */ = {isa = PBXBuildFile; fileRef = 9F2410531C9B62AA00FAD347 /* Main.storyboard */; };
		9F2410571C9B62AA00FAD347 /* Assets.xcassets in Resources */ = {isa = PBXBuildFile; fileRef = 9F2410561C9B62AA00FAD347 /* Assets.xcassets */; };
		9F24105A1C9B62AA00FAD347 /* LaunchScreen.storyboard in Resources */ = {isa = PBXBuildFile; fileRef = 9F2410581C9B62AA00FAD347 /* LaunchScreen.storyboard */; };
		9F24106B1C9B6BAD00FAD347 /* Constants.swift in Sources */ = {isa = PBXBuildFile; fileRef = 9F2410691C9B6BAD00FAD347 /* Constants.swift */; };
		9F24106C1C9B6BAD00FAD347 /* NSDate+Additions.swift in Sources */ = {isa = PBXBuildFile; fileRef = 9F24106A1C9B6BAD00FAD347 /* NSDate+Additions.swift */; };
		9F24106E1C9B6C8000FAD347 /* PPCalendarPage.swift in Sources */ = {isa = PBXBuildFile; fileRef = 9F24106D1C9B6C8000FAD347 /* PPCalendarPage.swift */; };
		9F2410701C9C21FE00FAD347 /* PPCalendarHeader.swift in Sources */ = {isa = PBXBuildFile; fileRef = 9F24106F1C9C21FE00FAD347 /* PPCalendarHeader.swift */; };
		9F2410741C9C284D00FAD347 /* PPCalendarProtocols.swift in Sources */ = {isa = PBXBuildFile; fileRef = 9F2410731C9C284D00FAD347 /* PPCalendarProtocols.swift */; };
		9F2410751C9C6AB500FAD347 /* PPCalendarView.swift in Sources */ = {isa = PBXBuildFile; fileRef = 9F2410621C9B62FA00FAD347 /* PPCalendarView.swift */; };
		9F2410771C9C76B500FAD347 /* FOOCell.swift in Sources */ = {isa = PBXBuildFile; fileRef = 9F2410761C9C76B500FAD347 /* FOOCell.swift */; };
		9F2410791C9C76C400FAD347 /* FOOCell.xib in Resources */ = {isa = PBXBuildFile; fileRef = 9F2410781C9C76C400FAD347 /* FOOCell.xib */; };
		9F24107B1C9C7BC200FAD347 /* PPCalendarCell.swift in Sources */ = {isa = PBXBuildFile; fileRef = 9F24107A1C9C7BC200FAD347 /* PPCalendarCell.swift */; };
/* End PBXBuildFile section */

/* Begin PBXFileReference section */
		9F24104C1C9B62AA00FAD347 /* PPCalendar.app */ = {isa = PBXFileReference; explicitFileType = wrapper.application; includeInIndex = 0; path = PPCalendar.app; sourceTree = BUILT_PRODUCTS_DIR; };
		9F24104F1C9B62AA00FAD347 /* AppDelegate.swift */ = {isa = PBXFileReference; lastKnownFileType = sourcecode.swift; path = AppDelegate.swift; sourceTree = "<group>"; };
		9F2410511C9B62AA00FAD347 /* ViewController.swift */ = {isa = PBXFileReference; lastKnownFileType = sourcecode.swift; path = ViewController.swift; sourceTree = "<group>"; };
		9F2410541C9B62AA00FAD347 /* Base */ = {isa = PBXFileReference; lastKnownFileType = file.storyboard; name = Base; path = Base.lproj/Main.storyboard; sourceTree = "<group>"; };
		9F2410561C9B62AA00FAD347 /* Assets.xcassets */ = {isa = PBXFileReference; lastKnownFileType = folder.assetcatalog; path = Assets.xcassets; sourceTree = "<group>"; };
		9F2410591C9B62AA00FAD347 /* Base */ = {isa = PBXFileReference; lastKnownFileType = file.storyboard; name = Base; path = Base.lproj/LaunchScreen.storyboard; sourceTree = "<group>"; };
		9F24105B1C9B62AA00FAD347 /* Info.plist */ = {isa = PBXFileReference; lastKnownFileType = text.plist.xml; path = Info.plist; sourceTree = "<group>"; };
		9F2410621C9B62FA00FAD347 /* PPCalendarView.swift */ = {isa = PBXFileReference; fileEncoding = 4; lastKnownFileType = sourcecode.swift; path = PPCalendarView.swift; sourceTree = "<group>"; };
		9F2410691C9B6BAD00FAD347 /* Constants.swift */ = {isa = PBXFileReference; fileEncoding = 4; lastKnownFileType = sourcecode.swift; path = Constants.swift; sourceTree = "<group>"; };
		9F24106A1C9B6BAD00FAD347 /* NSDate+Additions.swift */ = {isa = PBXFileReference; fileEncoding = 4; lastKnownFileType = sourcecode.swift; path = "NSDate+Additions.swift"; sourceTree = "<group>"; };
		9F24106D1C9B6C8000FAD347 /* PPCalendarPage.swift */ = {isa = PBXFileReference; fileEncoding = 4; lastKnownFileType = sourcecode.swift; path = PPCalendarPage.swift; sourceTree = "<group>"; };
		9F24106F1C9C21FE00FAD347 /* PPCalendarHeader.swift */ = {isa = PBXFileReference; fileEncoding = 4; lastKnownFileType = sourcecode.swift; path = PPCalendarHeader.swift; sourceTree = "<group>"; };
		9F2410731C9C284D00FAD347 /* PPCalendarProtocols.swift */ = {isa = PBXFileReference; fileEncoding = 4; lastKnownFileType = sourcecode.swift; path = PPCalendarProtocols.swift; sourceTree = "<group>"; };
		9F2410761C9C76B500FAD347 /* FOOCell.swift */ = {isa = PBXFileReference; fileEncoding = 4; lastKnownFileType = sourcecode.swift; path = FOOCell.swift; sourceTree = "<group>"; };
		9F2410781C9C76C400FAD347 /* FOOCell.xib */ = {isa = PBXFileReference; fileEncoding = 4; lastKnownFileType = file.xib; path = FOOCell.xib; sourceTree = "<group>"; };
		9F24107A1C9C7BC200FAD347 /* PPCalendarCell.swift */ = {isa = PBXFileReference; fileEncoding = 4; lastKnownFileType = sourcecode.swift; path = PPCalendarCell.swift; sourceTree = "<group>"; };
/* End PBXFileReference section */

/* Begin PBXFrameworksBuildPhase section */
		9F2410491C9B62AA00FAD347 /* Frameworks */ = {
			isa = PBXFrameworksBuildPhase;
			buildActionMask = 2147483647;
			files = (
			);
			runOnlyForDeploymentPostprocessing = 0;
		};
/* End PBXFrameworksBuildPhase section */

/* Begin PBXGroup section */
		9F2410431C9B62AA00FAD347 = {
			isa = PBXGroup;
			children = (
				9F24104E1C9B62AA00FAD347 /* PPCalendar */,
				9F24104D1C9B62AA00FAD347 /* Products */,
			);
			sourceTree = "<group>";
		};
		9F24104D1C9B62AA00FAD347 /* Products */ = {
			isa = PBXGroup;
			children = (
				9F24104C1C9B62AA00FAD347 /* PPCalendar.app */,
			);
			name = Products;
			sourceTree = "<group>";
		};
		9F24104E1C9B62AA00FAD347 /* PPCalendar */ = {
			isa = PBXGroup;
			children = (
				9F24104F1C9B62AA00FAD347 /* AppDelegate.swift */,
				9F2410511C9B62AA00FAD347 /* ViewController.swift */,
				9F2410761C9C76B500FAD347 /* FOOCell.swift */,
				9F2410781C9C76C400FAD347 /* FOOCell.xib */,
				9F2410531C9B62AA00FAD347 /* Main.storyboard */,
				9F2410611C9B62C300FAD347 /* PPCalendar */,
				9F2410561C9B62AA00FAD347 /* Assets.xcassets */,
				9F2410581C9B62AA00FAD347 /* LaunchScreen.storyboard */,
				9F24105B1C9B62AA00FAD347 /* Info.plist */,
			);
			path = PPCalendar;
			sourceTree = "<group>";
		};
		9F2410611C9B62C300FAD347 /* PPCalendar */ = {
			isa = PBXGroup;
			children = (
				9F2410621C9B62FA00FAD347 /* PPCalendarView.swift */,
				9F24106D1C9B6C8000FAD347 /* PPCalendarPage.swift */,
				9F24106F1C9C21FE00FAD347 /* PPCalendarHeader.swift */,
				9F24107A1C9C7BC200FAD347 /* PPCalendarCell.swift */,
				9F2410731C9C284D00FAD347 /* PPCalendarProtocols.swift */,
				9F2410681C9B6BAD00FAD347 /* Utilities */,
			);
			path = PPCalendar;
			sourceTree = "<group>";
		};
		9F2410681C9B6BAD00FAD347 /* Utilities */ = {
			isa = PBXGroup;
			children = (
				9F2410691C9B6BAD00FAD347 /* Constants.swift */,
				9F24106A1C9B6BAD00FAD347 /* NSDate+Additions.swift */,
			);
			path = Utilities;
			sourceTree = "<group>";
		};
/* End PBXGroup section */

/* Begin PBXNativeTarget section */
		9F24104B1C9B62AA00FAD347 /* PPCalendar */ = {
			isa = PBXNativeTarget;
			buildConfigurationList = 9F24105E1C9B62AA00FAD347 /* Build configuration list for PBXNativeTarget "PPCalendar" */;
			buildPhases = (
				9F2410481C9B62AA00FAD347 /* Sources */,
				9F2410491C9B62AA00FAD347 /* Frameworks */,
				9F24104A1C9B62AA00FAD347 /* Resources */,
			);
			buildRules = (
			);
			dependencies = (
			);
			name = PPCalendar;
			productName = PPCalendar;
			productReference = 9F24104C1C9B62AA00FAD347 /* PPCalendar.app */;
			productType = "com.apple.product-type.application";
		};
/* End PBXNativeTarget section */

/* Begin PBXProject section */
		9F2410441C9B62AA00FAD347 /* Project object */ = {
			isa = PBXProject;
			attributes = {
				LastSwiftUpdateCheck = 0720;
				LastUpgradeCheck = 0720;
				ORGANIZATIONNAME = Woolet;
				TargetAttributes = {
					9F24104B1C9B62AA00FAD347 = {
						CreatedOnToolsVersion = 7.2;
					};
				};
			};
			buildConfigurationList = 9F2410471C9B62AA00FAD347 /* Build configuration list for PBXProject "PPCalendar" */;
			compatibilityVersion = "Xcode 3.2";
			developmentRegion = English;
			hasScannedForEncodings = 0;
			knownRegions = (
				en,
				Base,
			);
			mainGroup = 9F2410431C9B62AA00FAD347;
			productRefGroup = 9F24104D1C9B62AA00FAD347 /* Products */;
			projectDirPath = "";
			projectRoot = "";
			targets = (
				9F24104B1C9B62AA00FAD347 /* PPCalendar */,
			);
		};
/* End PBXProject section */

/* Begin PBXResourcesBuildPhase section */
		9F24104A1C9B62AA00FAD347 /* Resources */ = {
			isa = PBXResourcesBuildPhase;
			buildActionMask = 2147483647;
			files = (
				9F2410791C9C76C400FAD347 /* FOOCell.xib in Resources */,
				9F24105A1C9B62AA00FAD347 /* LaunchScreen.storyboard in Resources */,
				9F2410571C9B62AA00FAD347 /* Assets.xcassets in Resources */,
				9F2410551C9B62AA00FAD347 /* Main.storyboard in Resources */,
			);
			runOnlyForDeploymentPostprocessing = 0;
		};
/* End PBXResourcesBuildPhase section */

/* Begin PBXSourcesBuildPhase section */
		9F2410481C9B62AA00FAD347 /* Sources */ = {
			isa = PBXSourcesBuildPhase;
			buildActionMask = 2147483647;
			files = (
				9F2410771C9C76B500FAD347 /* FOOCell.swift in Sources */,
				9F2410751C9C6AB500FAD347 /* PPCalendarView.swift in Sources */,
				9F24106C1C9B6BAD00FAD347 /* NSDate+Additions.swift in Sources */,
				9F2410741C9C284D00FAD347 /* PPCalendarProtocols.swift in Sources */,
				9F2410521C9B62AA00FAD347 /* ViewController.swift in Sources */,
				9F2410501C9B62AA00FAD347 /* AppDelegate.swift in Sources */,
				9F2410701C9C21FE00FAD347 /* PPCalendarHeader.swift in Sources */,
				9F24107B1C9C7BC200FAD347 /* PPCalendarCell.swift in Sources */,
				9F24106E1C9B6C8000FAD347 /* PPCalendarPage.swift in Sources */,
				9F24106B1C9B6BAD00FAD347 /* Constants.swift in Sources */,
			);
			runOnlyForDeploymentPostprocessing = 0;
		};
/* End PBXSourcesBuildPhase section */

/* Begin PBXVariantGroup section */
		9F2410531C9B62AA00FAD347 /* Main.storyboard */ = {
			isa = PBXVariantGroup;
			children = (
				9F2410541C9B62AA00FAD347 /* Base */,
			);
			name = Main.storyboard;
			sourceTree = "<group>";
		};
		9F2410581C9B62AA00FAD347 /* LaunchScreen.storyboard */ = {
			isa = PBXVariantGroup;
			children = (
				9F2410591C9B62AA00FAD347 /* Base */,
			);
			name = LaunchScreen.storyboard;
			sourceTree = "<group>";
		};
/* End PBXVariantGroup section */

/* Begin XCBuildConfiguration section */
		9F24105C1C9B62AA00FAD347 /* Debug */ = {
			isa = XCBuildConfiguration;
			buildSettings = {
				ALWAYS_SEARCH_USER_PATHS = NO;
				CLANG_CXX_LANGUAGE_STANDARD = "gnu++0x";
				CLANG_CXX_LIBRARY = "libc++";
				CLANG_ENABLE_MODULES = YES;
				CLANG_ENABLE_OBJC_ARC = YES;
				CLANG_WARN_BOOL_CONVERSION = YES;
				CLANG_WARN_CONSTANT_CONVERSION = YES;
				CLANG_WARN_DIRECT_OBJC_ISA_USAGE = YES_ERROR;
				CLANG_WARN_EMPTY_BODY = YES;
				CLANG_WARN_ENUM_CONVERSION = YES;
				CLANG_WARN_INT_CONVERSION = YES;
				CLANG_WARN_OBJC_ROOT_CLASS = YES_ERROR;
				CLANG_WARN_UNREACHABLE_CODE = YES;
				CLANG_WARN__DUPLICATE_METHOD_MATCH = YES;
				"CODE_SIGN_IDENTITY[sdk=iphoneos*]" = "iPhone Developer";
				COPY_PHASE_STRIP = NO;
				DEBUG_INFORMATION_FORMAT = dwarf;
				ENABLE_STRICT_OBJC_MSGSEND = YES;
				ENABLE_TESTABILITY = YES;
				GCC_C_LANGUAGE_STANDARD = gnu99;
				GCC_DYNAMIC_NO_PIC = NO;
				GCC_NO_COMMON_BLOCKS = YES;
				GCC_OPTIMIZATION_LEVEL = 0;
				GCC_PREPROCESSOR_DEFINITIONS = (
					"DEBUG=1",
					"$(inherited)",
				);
				GCC_WARN_64_TO_32_BIT_CONVERSION = YES;
				GCC_WARN_ABOUT_RETURN_TYPE = YES_ERROR;
				GCC_WARN_UNDECLARED_SELECTOR = YES;
				GCC_WARN_UNINITIALIZED_AUTOS = YES_AGGRESSIVE;
				GCC_WARN_UNUSED_FUNCTION = YES;
				GCC_WARN_UNUSED_VARIABLE = YES;
				IPHONEOS_DEPLOYMENT_TARGET = 9.2;
				MTL_ENABLE_DEBUG_INFO = YES;
				ONLY_ACTIVE_ARCH = YES;
				SDKROOT = iphoneos;
				SWIFT_OPTIMIZATION_LEVEL = "-Onone";
				TARGETED_DEVICE_FAMILY = "1,2";
			};
			name = Debug;
		};
		9F24105D1C9B62AA00FAD347 /* Release */ = {
			isa = XCBuildConfiguration;
			buildSettings = {
				ALWAYS_SEARCH_USER_PATHS = NO;
				CLANG_CXX_LANGUAGE_STANDARD = "gnu++0x";
				CLANG_CXX_LIBRARY = "libc++";
				CLANG_ENABLE_MODULES = YES;
				CLANG_ENABLE_OBJC_ARC = YES;
				CLANG_WARN_BOOL_CONVERSION = YES;
				CLANG_WARN_CONSTANT_CONVERSION = YES;
				CLANG_WARN_DIRECT_OBJC_ISA_USAGE = YES_ERROR;
				CLANG_WARN_EMPTY_BODY = YES;
				CLANG_WARN_ENUM_CONVERSION = YES;
				CLANG_WARN_INT_CONVERSION = YES;
				CLANG_WARN_OBJC_ROOT_CLASS = YES_ERROR;
				CLANG_WARN_UNREACHABLE_CODE = YES;
				CLANG_WARN__DUPLICATE_METHOD_MATCH = YES;
				"CODE_SIGN_IDENTITY[sdk=iphoneos*]" = "iPhone Developer";
				COPY_PHASE_STRIP = NO;
				DEBUG_INFORMATION_FORMAT = "dwarf-with-dsym";
				ENABLE_NS_ASSERTIONS = NO;
				ENABLE_STRICT_OBJC_MSGSEND = YES;
				GCC_C_LANGUAGE_STANDARD = gnu99;
				GCC_NO_COMMON_BLOCKS = YES;
				GCC_WARN_64_TO_32_BIT_CONVERSION = YES;
				GCC_WARN_ABOUT_RETURN_TYPE = YES_ERROR;
				GCC_WARN_UNDECLARED_SELECTOR = YES;
				GCC_WARN_UNINITIALIZED_AUTOS = YES_AGGRESSIVE;
				GCC_WARN_UNUSED_FUNCTION = YES;
				GCC_WARN_UNUSED_VARIABLE = YES;
				IPHONEOS_DEPLOYMENT_TARGET = 9.2;
				MTL_ENABLE_DEBUG_INFO = NO;
				SDKROOT = iphoneos;
				TARGETED_DEVICE_FAMILY = "1,2";
				VALIDATE_PRODUCT = YES;
			};
			name = Release;
		};
		9F24105F1C9B62AA00FAD347 /* Debug */ = {
			isa = XCBuildConfiguration;
			buildSettings = {
				ASSETCATALOG_COMPILER_APPICON_NAME = AppIcon;
				INFOPLIST_FILE = PPCalendar/Info.plist;
				LD_RUNPATH_SEARCH_PATHS = "$(inherited) @executable_path/Frameworks";
				PRODUCT_BUNDLE_IDENTIFIER = com.poszposz.PPCalendar.PPCalendar;
				PRODUCT_NAME = "$(TARGET_NAME)";
			};
			name = Debug;
		};
		9F2410601C9B62AA00FAD347 /* Release */ = {
			isa = XCBuildConfiguration;
			buildSettings = {
				ASSETCATALOG_COMPILER_APPICON_NAME = AppIcon;
				INFOPLIST_FILE = PPCalendar/Info.plist;
				LD_RUNPATH_SEARCH_PATHS = "$(inherited) @executable_path/Frameworks";
				PRODUCT_BUNDLE_IDENTIFIER = com.poszposz.PPCalendar.PPCalendar;
				PRODUCT_NAME = "$(TARGET_NAME)";
			};
			name = Release;
		};
/* End XCBuildConfiguration section */

/* Begin XCConfigurationList section */
		9F2410471C9B62AA00FAD347 /* Build configuration list for PBXProject "PPCalendar" */ = {
			isa = XCConfigurationList;
			buildConfigurations = (
				9F24105C1C9B62AA00FAD347 /* Debug */,
				9F24105D1C9B62AA00FAD347 /* Release */,
			);
			defaultConfigurationIsVisible = 0;
			defaultConfigurationName = Release;
		};
		9F24105E1C9B62AA00FAD347 /* Build configuration list for PBXNativeTarget "PPCalendar" */ = {
			isa = XCConfigurationList;
			buildConfigurations = (
				9F24105F1C9B62AA00FAD347 /* Debug */,
				9F2410601C9B62AA00FAD347 /* Release */,
			);
			defaultConfigurationIsVisible = 0;
			defaultConfigurationName = Release;
		};
/* End XCConfigurationList section */
	};
	rootObject = 9F2410441C9B62AA00FAD347 /* Project object */;
}
